// !$*UTF8*$!
{
	archiveVersion = 1;
	classes = {
	};
	objectVersion = 46;
	objects = {

/* Begin PBXBuildFile section */
		637D0840239E17D700D6665B /* AppDelegate.swift in Sources */ = {isa = PBXBuildFile; fileRef = 637D083F239E17D700D6665B /* AppDelegate.swift */; };
		637D0842239E17D700D6665B /* ViewController.swift in Sources */ = {isa = PBXBuildFile; fileRef = 637D0841239E17D700D6665B /* ViewController.swift */; };
		637D0845239E17D700D6665B /* Main.storyboard in Resources */ = {isa = PBXBuildFile; fileRef = 637D0843239E17D700D6665B /* Main.storyboard */; };
		637D0847239E17D800D6665B /* Assets.xcassets in Resources */ = {isa = PBXBuildFile; fileRef = 637D0846239E17D800D6665B /* Assets.xcassets */; };
		637D084A239E17D800D6665B /* LaunchScreen.storyboard in Resources */ = {isa = PBXBuildFile; fileRef = 637D0848239E17D800D6665B /* LaunchScreen.storyboard */; };
/* End PBXBuildFile section */

/* Begin PBXFileReference section */
		637D083C239E17D600D6665B /* pickerview..app */ = {isa = PBXFileReference; explicitFileType = wrapper.application; includeInIndex = 0; path = pickerview..app; sourceTree = BUILT_PRODUCTS_DIR; };
		637D083F239E17D700D6665B /* AppDelegate.swift */ = {isa = PBXFileReference; lastKnownFileType = sourcecode.swift; path = AppDelegate.swift; sourceTree = "<group>"; };
		637D0841239E17D700D6665B /* ViewController.swift */ = {isa = PBXFileReference; lastKnownFileType = sourcecode.swift; path = ViewController.swift; sourceTree = "<group>"; };
		637D0844239E17D700D6665B /* Base */ = {isa = PBXFileReference; lastKnownFileType = file.storyboard; name = Base; path = Base.lproj/Main.storyboard; sourceTree = "<group>"; };
		637D0846239E17D800D6665B /* Assets.xcassets */ = {isa = PBXFileReference; lastKnownFileType = folder.assetcatalog; path = Assets.xcassets; sourceTree = "<group>"; };
		637D0849239E17D800D6665B /* Base */ = {isa = PBXFileReference; lastKnownFileType = file.storyboard; name = Base; path = Base.lproj/LaunchScreen.storyboard; sourceTree = "<group>"; };
		637D084B239E17D800D6665B /* Info.plist */ = {isa = PBXFileReference; lastKnownFileType = text.plist.xml; path = Info.plist; sourceTree = "<group>"; };
/* End PBXFileReference section */

/* Begin PBXFrameworksBuildPhase section */
		637D0839239E17D600D6665B /* Frameworks */ = {
			isa = PBXFrameworksBuildPhase;
			buildActionMask = 2147483647;
			files = (
			);
			runOnlyForDeploymentPostprocessing = 0;
		};
/* End PBXFrameworksBuildPhase section */

/* Begin PBXGroup section */
		637D0833239E17D500D6665B = {
			isa = PBXGroup;
			children = (
				637D083E239E17D600D6665B /* pickerview. */,
				637D083D239E17D600D6665B /* Products */,
			);
			sourceTree = "<group>";
		};
		637D083D239E17D600D6665B /* Products */ = {
			isa = PBXGroup;
			children = (
				637D083C239E17D600D6665B /* pickerview..app */,
			);
			name = Products;
			sourceTree = "<group>";
		};
		637D083E239E17D600D6665B /* pickerview. */ = {
			isa = PBXGroup;
			children = (
				637D083F239E17D700D6665B /* AppDelegate.swift */,
				637D0841239E17D700D6665B /* ViewController.swift */,
				637D0843239E17D700D6665B /* Main.storyboard */,
				637D0846239E17D800D6665B /* Assets.xcassets */,
				637D0851239E221700D6665B /* New Group */,
				637D0848239E17D800D6665B /* LaunchScreen.storyboard */,
				637D084B239E17D800D6665B /* Info.plist */,
			);
			path = pickerview.;
			sourceTree = "<group>";
		};
		637D0851239E221700D6665B /* New Group */ = {
			isa = PBXGroup;
			children = (
			);
			name = "New Group";
			sourceTree = "<group>";
		};
/* End PBXGroup section */

/* Begin PBXNativeTarget section */
		637D083B239E17D600D6665B /* pickerview. */ = {
			isa = PBXNativeTarget;
			buildConfigurationList = 637D084E239E17D800D6665B /* Build configuration list for PBXNativeTarget "pickerview." */;
			buildPhases = (
				637D0838239E17D600D6665B /* Sources */,
				637D0839239E17D600D6665B /* Frameworks */,
				637D083A239E17D600D6665B /* Resources */,
			);
			buildRules = (
			);
			dependencies = (
			);
			name = pickerview.;
			productName = pickerview.;
			productReference = 637D083C239E17D600D6665B /* pickerview..app */;
			productType = "com.apple.product-type.application";
		};
/* End PBXNativeTarget section */

/* Begin PBXProject section */
		637D0834239E17D500D6665B /* Project object */ = {
			isa = PBXProject;
			attributes = {
				LastSwiftUpdateCheck = 0820;
				LastUpgradeCheck = 0820;
				ORGANIZATIONNAME = "Felix ITs";
				TargetAttributes = {
					637D083B239E17D600D6665B = {
						CreatedOnToolsVersion = 8.2;
						ProvisioningStyle = Automatic;
					};
				};
			};
			buildConfigurationList = 637D0837239E17D500D6665B /* Build configuration list for PBXProject "pickerview." */;
			compatibilityVersion = "Xcode 3.2";
			developmentRegion = English;
			hasScannedForEncodings = 0;
			knownRegions = (
				en,
				Base,
			);
			mainGroup = 637D0833239E17D500D6665B;
			productRefGroup = 637D083D239E17D600D6665B /* Products */;
			projectDirPath = "";
			projectRoot = "";
			targets = (
				637D083B239E17D600D6665B /* pickerview. */,
			);
		};
/* End PBXProject section */

/* Begin PBXResourcesBuildPhase section */
		637D083A239E17D600D6665B /* Resources */ = {
			isa = PBXResourcesBuildPhase;
			buildActionMask = 2147483647;
			files = (
				637D084A239E17D800D6665B /* LaunchScreen.storyboard in Resources */,
				637D0847239E17D800D6665B /* Assets.xcassets in Resources */,
				637D0845239E17D700D6665B /* Main.storyboard in Resources */,
			);
			runOnlyForDeploymentPostprocessing = 0;
		};
/* End PBXResourcesBuildPhase section */

/* Begin PBXSourcesBuildPhase section */
		637D0838239E17D600D6665B /* Sources */ = {
			isa = PBXSourcesBuildPhase;
			buildActionMask = 2147483647;
			files = (
				637D0842239E17D700D6665B /* ViewController.swift in Sources */,
				637D0840239E17D700D6665B /* AppDelegate.swift in Sources */,
			);
			runOnlyForDeploymentPostprocessing = 0;
		};
/* End PBXSourcesBuildPhase section */

/* Begin PBXVariantGroup section */
		637D0843239E17D700D6665B /* Main.storyboard */ = {
			isa = PBXVariantGroup;
			children = (
				637D0844239E17D700D6665B /* Base */,
			);
			name = Main.storyboard;
			sourceTree = "<group>";
		};
		637D0848239E17D800D6665B /* LaunchScreen.storyboard */ = {
			isa = PBXVariantGroup;
			children = (
				637D0849239E17D800D6665B /* Base */,
			);
			name = LaunchScreen.storyboard;
			sourceTree = "<group>";
		};
/* End PBXVariantGroup section */

/* Begin XCBuildConfiguration section */
		637D084C239E17D800D6665B /* Debug */ = {
			isa = XCBuildConfiguration;
			buildSettings = {
				ALWAYS_SEARCH_USER_PATHS = NO;
				CLANG_ANALYZER_NONNULL = YES;
				CLANG_CXX_LANGUAGE_STANDARD = "gnu++0x";
				CLANG_CXX_LIBRARY = "libc++";
				CLANG_ENABLE_MODULES = YES;
				CLANG_ENABLE_OBJC_ARC = YES;
				CLANG_WARN_BOOL_CONVERSION = YES;
				CLANG_WARN_CONSTANT_CONVERSION = YES;
				CLANG_WARN_DIRECT_OBJC_ISA_USAGE = YES_ERROR;
				CLANG_WARN_DOCUMENTATION_COMMENTS = YES;
				CLANG_WARN_EMPTY_BODY = YES;
				CLANG_WARN_ENUM_CONVERSION = YES;
				CLANG_WARN_INFINITE_RECURSION = YES;
				CLANG_WARN_INT_CONVERSION = YES;
				CLANG_WARN_OBJC_ROOT_CLASS = YES_ERROR;
				CLANG_WARN_SUSPICIOUS_MOVE = YES;
				CLANG_WARN_UNREACHABLE_CODE = YES;
				CLANG_WARN__DUPLICATE_METHOD_MATCH = YES;
				"CODE_SIGN_IDENTITY[sdk=iphoneos*]" = "iPhone Developer";
				COPY_PHASE_STRIP = NO;
				DEBUG_INFORMATION_FORMAT = dwarf;
				ENABLE_STRICT_OBJC_MSGSEND = YES;
				ENABLE_TESTABILITY = YES;
				GCC_C_LANGUAGE_STANDARD = gnu99;
				GCC_DYNAMIC_NO_PIC = NO;
				GCC_NO_COMMON_BLOCKS = YES;
				GCC_OPTIMIZATION_LEVEL = 0;
				GCC_PREPROCESSOR_DEFINITIONS = (
					"DEBUG=1",
					"$(inherited)",
				);
				GCC_WARN_64_TO_32_BIT_CONVERSION = YES;
				GCC_WARN_ABOUT_RETURN_TYPE = YES_ERROR;
				GCC_WARN_UNDECLARED_SELECTOR = YES;
				GCC_WARN_UNINITIALIZED_AUTOS = YES_AGGRESSIVE;
				GCC_WARN_UNUSED_FUNCTION = YES;
				GCC_WARN_UNUSED_VARIABLE = YES;
				IPHONEOS_DEPLOYMENT_TARGET = 10.2;
				MTL_ENABLE_DEBUG_INFO = YES;
				ONLY_ACTIVE_ARCH = YES;
				SDKROOT = iphoneos;
				SWIFT_ACTIVE_COMPILATION_CONDITIONS = DEBUG;
				SWIFT_OPTIMIZATION_LEVEL = "-Onone";
				TARGETED_DEVICE_FAMILY = "1,2";
			};
			name = Debug;
		};
		637D084D239E17D800D6665B /* Release */ = {
			isa = XCBuildConfiguration;
			buildSettings = {
				ALWAYS_SEARCH_USER_PATHS = NO;
				CLANG_ANALYZER_NONNULL = YES;
				CLANG_CXX_LANGUAGE_STANDARD = "gnu++0x";
				CLANG_CXX_LIBRARY = "libc++";
				CLANG_ENABLE_MODULES = YES;
				CLANG_ENABLE_OBJC_ARC = YES;
				CLANG_WARN_BOOL_CONVERSION = YES;
				CLANG_WARN_CONSTANT_CONVERSION = YES;
				CLANG_WARN_DIRECT_OBJC_ISA_USAGE = YES_ERROR;
				CLANG_WARN_DOCUMENTATION_COMMENTS = YES;
				CLANG_WARN_EMPTY_BODY = YES;
				CLANG_WARN_ENUM_CONVERSION = YES;
				CLANG_WARN_INFINITE_RECURSION = YES;
				CLANG_WARN_INT_CONVERSION = YES;
				CLANG_WARN_OBJC_ROOT_CLASS = YES_ERROR;
				CLANG_WARN_SUSPICIOUS_MOVE = YES;
				CLANG_WARN_UNREACHABLE_CODE = YES;
				CLANG_WARN__DUPLICATE_METHOD_MATCH = YES;
				"CODE_SIGN_IDENTITY[sdk=iphoneos*]" = "iPhone Developer";
				COPY_PHASE_STRIP = NO;
				DEBUG_INFORMATION_FORMAT = "dwarf-with-dsym";
				ENABLE_NS_ASSERTIONS = NO;
				ENABLE_STRICT_OBJC_MSGSEND = YES;
				GCC_C_LANGUAGE_STANDARD = gnu99;
				GCC_NO_COMMON_BLOCKS = YES;
				GCC_WARN_64_TO_32_BIT_CONVERSION = YES;
				GCC_WARN_ABOUT_RETURN_TYPE = YES_ERROR;
				GCC_WARN_UNDECLARED_SELECTOR = YES;
				GCC_WARN_UNINITIALIZED_AUTOS = YES_AGGRESSIVE;
				GCC_WARN_UNUSED_FUNCTION = YES;
				GCC_WARN_UNUSED_VARIABLE = YES;
				IPHONEOS_DEPLOYMENT_TARGET = 10.2;
				MTL_ENABLE_DEBUG_INFO = NO;
				SDKROOT = iphoneos;
				SWIFT_OPTIMIZATION_LEVEL = "-Owholemodule";
				TARGETED_DEVICE_FAMILY = "1,2";
				VALIDATE_PRODUCT = YES;
			};
			name = Release;
		};
		637D084F239E17D800D6665B /* Debug */ = {
			isa = XCBuildConfiguration;
			buildSettings = {
				ASSETCATALOG_COMPILER_APPICON_NAME = AppIcon;
				INFOPLIST_FILE = pickerview./Info.plist;
				LD_RUNPATH_SEARCH_PATHS = "$(inherited) @executable_path/Frameworks";
				PRODUCT_BUNDLE_IDENTIFIER = "yashwant.pickerview-";
				PRODUCT_NAME = "$(TARGET_NAME)";
				SWIFT_VERSION = 3.0;
			};
			name = Debug;
		};
		637D0850239E17D800D6665B /* Release */ = {
			isa = XCBuildConfiguration;
			buildSettings = {
				ASSETCATALOG_COMPILER_APPICON_NAME = AppIcon;
				INFOPLIST_FILE = pickerview./Info.plist;
				LD_RUNPATH_SEARCH_PATHS = "$(inherited) @executable_path/Frameworks";
				PRODUCT_BUNDLE_IDENTIFIER = "yashwant.pickerview-";
				PRODUCT_NAME = "$(TARGET_NAME)";
				SWIFT_VERSION = 3.0;
			};
			name = Release;
		};
/* End XCBuildConfiguration section */

/* Begin XCConfigurationList section */
		637D0837239E17D500D6665B /* Build configuration list for PBXProject "pickerview." */ = {
			isa = XCConfigurationList;
			buildConfigurations = (
				637D084C239E17D800D6665B /* Debug */,
				637D084D239E17D800D6665B /* Release */,
			);
			defaultConfigurationIsVisible = 0;
			defaultConfigurationName = Release;
		};
		637D084E239E17D800D6665B /* Build configuration list for PBXNativeTarget "pickerview." */ = {
			isa = XCConfigurationList;
			buildConfigurations = (
				637D084F239E17D800D6665B /* Debug */,
				637D0850239E17D800D6665B /* Release */,
			);
			defaultConfigurationIsVisible = 0;
		};
/* End XCConfigurationList section */
	};
	rootObject = 637D0834239E17D500D6665B /* Project object */;
}
